// !$*UTF8*$!
{
	archiveVersion = 1;
	classes = {
	};
	objectVersion = 56;
	objects = {

/* Begin PBXBuildFile section */
		50F3B1182A910E0A00C872A2 /* LearningApp.swift in Sources */ = {isa = PBXBuildFile; fileRef = 50F3B1172A910E0A00C872A2 /* LearningApp.swift */; };
		50F3B11A2A910E0A00C872A2 /* HomeView.swift in Sources */ = {isa = PBXBuildFile; fileRef = 50F3B1192A910E0A00C872A2 /* HomeView.swift */; };
		50F3B11C2A910E0B00C872A2 /* Assets.xcassets in Resources */ = {isa = PBXBuildFile; fileRef = 50F3B11B2A910E0B00C872A2 /* Assets.xcassets */; };
		50F3B11F2A910E0B00C872A2 /* Preview Assets.xcassets in Resources */ = {isa = PBXBuildFile; fileRef = 50F3B11E2A910E0B00C872A2 /* Preview Assets.xcassets */; };
		50F3B12A2A910F1500C872A2 /* ContentModel.swift in Sources */ = {isa = PBXBuildFile; fileRef = 50F3B1292A910F1500C872A2 /* ContentModel.swift */; };
		50F3B12D2A91150900C872A2 /* data.json in Resources */ = {isa = PBXBuildFile; fileRef = 50F3B12B2A91150900C872A2 /* data.json */; };
		50F3B12E2A91150900C872A2 /* style.html in Resources */ = {isa = PBXBuildFile; fileRef = 50F3B12C2A91150900C872A2 /* style.html */; };
		50F3B1302A9116FA00C872A2 /* Models.swift in Sources */ = {isa = PBXBuildFile; fileRef = 50F3B12F2A9116FA00C872A2 /* Models.swift */; };
		50F3B1322A91428300C872A2 /* HomeViewRow.swift in Sources */ = {isa = PBXBuildFile; fileRef = 50F3B1312A91428300C872A2 /* HomeViewRow.swift */; };
		50F3B1342A914A7B00C872A2 /* ContentView.swift in Sources */ = {isa = PBXBuildFile; fileRef = 50F3B1332A914A7B00C872A2 /* ContentView.swift */; };
		50F3B1362A9150CD00C872A2 /* ContentViewRow.swift in Sources */ = {isa = PBXBuildFile; fileRef = 50F3B1352A9150CD00C872A2 /* ContentViewRow.swift */; };
		50F3B1382A91585C00C872A2 /* ContentDetailView.swift in Sources */ = {isa = PBXBuildFile; fileRef = 50F3B1372A91585C00C872A2 /* ContentDetailView.swift */; };
		50F3B13B2A915B9700C872A2 /* AVKit.framework in Frameworks */ = {isa = PBXBuildFile; fileRef = 50F3B13A2A915B9700C872A2 /* AVKit.framework */; };
		50F3B13D2A915C6900C872A2 /* Constants.swift in Sources */ = {isa = PBXBuildFile; fileRef = 50F3B13C2A915C6900C872A2 /* Constants.swift */; };
		50F3B13F2A94DACF00C872A2 /* CodeTextView.swift in Sources */ = {isa = PBXBuildFile; fileRef = 50F3B13E2A94DACF00C872A2 /* CodeTextView.swift */; };
/* End PBXBuildFile section */

/* Begin PBXFileReference section */
		50F3B1142A910E0A00C872A2 /* LearningApp.app */ = {isa = PBXFileReference; explicitFileType = wrapper.application; includeInIndex = 0; path = LearningApp.app; sourceTree = BUILT_PRODUCTS_DIR; };
		50F3B1172A910E0A00C872A2 /* LearningApp.swift */ = {isa = PBXFileReference; lastKnownFileType = sourcecode.swift; path = LearningApp.swift; sourceTree = "<group>"; };
		50F3B1192A910E0A00C872A2 /* HomeView.swift */ = {isa = PBXFileReference; lastKnownFileType = sourcecode.swift; path = HomeView.swift; sourceTree = "<group>"; };
		50F3B11B2A910E0B00C872A2 /* Assets.xcassets */ = {isa = PBXFileReference; lastKnownFileType = folder.assetcatalog; path = Assets.xcassets; sourceTree = "<group>"; };
		50F3B11E2A910E0B00C872A2 /* Preview Assets.xcassets */ = {isa = PBXFileReference; lastKnownFileType = folder.assetcatalog; path = "Preview Assets.xcassets"; sourceTree = "<group>"; };
		50F3B1292A910F1500C872A2 /* ContentModel.swift */ = {isa = PBXFileReference; lastKnownFileType = sourcecode.swift; path = ContentModel.swift; sourceTree = "<group>"; };
		50F3B12B2A91150900C872A2 /* data.json */ = {isa = PBXFileReference; fileEncoding = 4; lastKnownFileType = text.json; path = data.json; sourceTree = "<group>"; };
		50F3B12C2A91150900C872A2 /* style.html */ = {isa = PBXFileReference; fileEncoding = 4; lastKnownFileType = text.html; path = style.html; sourceTree = "<group>"; };
		50F3B12F2A9116FA00C872A2 /* Models.swift */ = {isa = PBXFileReference; lastKnownFileType = sourcecode.swift; path = Models.swift; sourceTree = "<group>"; };
		50F3B1312A91428300C872A2 /* HomeViewRow.swift */ = {isa = PBXFileReference; lastKnownFileType = sourcecode.swift; path = HomeViewRow.swift; sourceTree = "<group>"; };
		50F3B1332A914A7B00C872A2 /* ContentView.swift */ = {isa = PBXFileReference; lastKnownFileType = sourcecode.swift; path = ContentView.swift; sourceTree = "<group>"; };
		50F3B1352A9150CD00C872A2 /* ContentViewRow.swift */ = {isa = PBXFileReference; lastKnownFileType = sourcecode.swift; path = ContentViewRow.swift; sourceTree = "<group>"; };
		50F3B1372A91585C00C872A2 /* ContentDetailView.swift */ = {isa = PBXFileReference; lastKnownFileType = sourcecode.swift; path = ContentDetailView.swift; sourceTree = "<group>"; };
		50F3B13A2A915B9700C872A2 /* AVKit.framework */ = {isa = PBXFileReference; lastKnownFileType = wrapper.framework; name = AVKit.framework; path = System/Library/Frameworks/AVKit.framework; sourceTree = SDKROOT; };
		50F3B13C2A915C6900C872A2 /* Constants.swift */ = {isa = PBXFileReference; lastKnownFileType = sourcecode.swift; path = Constants.swift; sourceTree = "<group>"; };
		50F3B13E2A94DACF00C872A2 /* CodeTextView.swift */ = {isa = PBXFileReference; lastKnownFileType = sourcecode.swift; path = CodeTextView.swift; sourceTree = "<group>"; };
/* End PBXFileReference section */

/* Begin PBXFrameworksBuildPhase section */
		50F3B1112A910E0A00C872A2 /* Frameworks */ = {
			isa = PBXFrameworksBuildPhase;
			buildActionMask = 2147483647;
			files = (
				50F3B13B2A915B9700C872A2 /* AVKit.framework in Frameworks */,
			);
			runOnlyForDeploymentPostprocessing = 0;
		};
/* End PBXFrameworksBuildPhase section */

/* Begin PBXGroup section */
		50F3B10B2A910E0A00C872A2 = {
			isa = PBXGroup;
			children = (
				50F3B1162A910E0A00C872A2 /* LearningApp */,
				50F3B1152A910E0A00C872A2 /* Products */,
				50F3B1392A915B9600C872A2 /* Frameworks */,
			);
			sourceTree = "<group>";
		};
		50F3B1152A910E0A00C872A2 /* Products */ = {
			isa = PBXGroup;
			children = (
				50F3B1142A910E0A00C872A2 /* LearningApp.app */,
			);
			name = Products;
			sourceTree = "<group>";
		};
		50F3B1162A910E0A00C872A2 /* LearningApp */ = {
			isa = PBXGroup;
			children = (
				50F3B1172A910E0A00C872A2 /* LearningApp.swift */,
				50F3B1252A910EB400C872A2 /* Views */,
				50F3B1262A910EC400C872A2 /* ViewModels */,
				50F3B1272A910ECD00C872A2 /* Models */,
				50F3B1282A910EDA00C872A2 /* Resources */,
				50F3B11B2A910E0B00C872A2 /* Assets.xcassets */,
				50F3B11D2A910E0B00C872A2 /* Preview Content */,
			);
			path = LearningApp;
			sourceTree = "<group>";
		};
		50F3B11D2A910E0B00C872A2 /* Preview Content */ = {
			isa = PBXGroup;
			children = (
				50F3B11E2A910E0B00C872A2 /* Preview Assets.xcassets */,
			);
			path = "Preview Content";
			sourceTree = "<group>";
		};
		50F3B1252A910EB400C872A2 /* Views */ = {
			isa = PBXGroup;
			children = (
				50F3B1192A910E0A00C872A2 /* HomeView.swift */,
				50F3B1312A91428300C872A2 /* HomeViewRow.swift */,
				50F3B1332A914A7B00C872A2 /* ContentView.swift */,
				50F3B1352A9150CD00C872A2 /* ContentViewRow.swift */,
				50F3B1372A91585C00C872A2 /* ContentDetailView.swift */,
				50F3B13E2A94DACF00C872A2 /* CodeTextView.swift */,
			);
			path = Views;
			sourceTree = "<group>";
		};
		50F3B1262A910EC400C872A2 /* ViewModels */ = {
			isa = PBXGroup;
			children = (
				50F3B1292A910F1500C872A2 /* ContentModel.swift */,
			);
			path = ViewModels;
			sourceTree = "<group>";
		};
		50F3B1272A910ECD00C872A2 /* Models */ = {
			isa = PBXGroup;
			children = (
				50F3B12F2A9116FA00C872A2 /* Models.swift */,
			);
			path = Models;
			sourceTree = "<group>";
		};
		50F3B1282A910EDA00C872A2 /* Resources */ = {
			isa = PBXGroup;
			children = (
				50F3B12B2A91150900C872A2 /* data.json */,
				50F3B12C2A91150900C872A2 /* style.html */,
				50F3B13C2A915C6900C872A2 /* Constants.swift */,
			);
			path = Resources;
			sourceTree = "<group>";
		};
		50F3B1392A915B9600C872A2 /* Frameworks */ = {
			isa = PBXGroup;
			children = (
				50F3B13A2A915B9700C872A2 /* AVKit.framework */,
			);
			name = Frameworks;
			sourceTree = "<group>";
		};
/* End PBXGroup section */

/* Begin PBXNativeTarget section */
		50F3B1132A910E0A00C872A2 /* LearningApp */ = {
			isa = PBXNativeTarget;
			buildConfigurationList = 50F3B1222A910E0B00C872A2 /* Build configuration list for PBXNativeTarget "LearningApp" */;
			buildPhases = (
				50F3B1102A910E0A00C872A2 /* Sources */,
				50F3B1112A910E0A00C872A2 /* Frameworks */,
				50F3B1122A910E0A00C872A2 /* Resources */,
			);
			buildRules = (
			);
			dependencies = (
			);
			name = LearningApp;
			productName = LearningApp;
			productReference = 50F3B1142A910E0A00C872A2 /* LearningApp.app */;
			productType = "com.apple.product-type.application";
		};
/* End PBXNativeTarget section */

/* Begin PBXProject section */
		50F3B10C2A910E0A00C872A2 /* Project object */ = {
			isa = PBXProject;
			attributes = {
				BuildIndependentTargetsInParallel = 1;
				LastSwiftUpdateCheck = 1430;
				LastUpgradeCheck = 1430;
				TargetAttributes = {
					50F3B1132A910E0A00C872A2 = {
						CreatedOnToolsVersion = 14.3.1;
					};
				};
			};
			buildConfigurationList = 50F3B10F2A910E0A00C872A2 /* Build configuration list for PBXProject "LearningApp" */;
			compatibilityVersion = "Xcode 14.0";
			developmentRegion = en;
			hasScannedForEncodings = 0;
			knownRegions = (
				en,
				Base,
			);
			mainGroup = 50F3B10B2A910E0A00C872A2;
			productRefGroup = 50F3B1152A910E0A00C872A2 /* Products */;
			projectDirPath = "";
			projectRoot = "";
			targets = (
				50F3B1132A910E0A00C872A2 /* LearningApp */,
			);
		};
/* End PBXProject section */

/* Begin PBXResourcesBuildPhase section */
		50F3B1122A910E0A00C872A2 /* Resources */ = {
			isa = PBXResourcesBuildPhase;
			buildActionMask = 2147483647;
			files = (
				50F3B11F2A910E0B00C872A2 /* Preview Assets.xcassets in Resources */,
				50F3B12D2A91150900C872A2 /* data.json in Resources */,
				50F3B12E2A91150900C872A2 /* style.html in Resources */,
				50F3B11C2A910E0B00C872A2 /* Assets.xcassets in Resources */,
			);
			runOnlyForDeploymentPostprocessing = 0;
		};
/* End PBXResourcesBuildPhase section */

/* Begin PBXSourcesBuildPhase section */
		50F3B1102A910E0A00C872A2 /* Sources */ = {
			isa = PBXSourcesBuildPhase;
			buildActionMask = 2147483647;
			files = (
				50F3B11A2A910E0A00C872A2 /* HomeView.swift in Sources */,
				50F3B1322A91428300C872A2 /* HomeViewRow.swift in Sources */,
				50F3B1342A914A7B00C872A2 /* ContentView.swift in Sources */,
				50F3B1382A91585C00C872A2 /* ContentDetailView.swift in Sources */,
				50F3B1182A910E0A00C872A2 /* LearningApp.swift in Sources */,
				50F3B1362A9150CD00C872A2 /* ContentViewRow.swift in Sources */,
				50F3B13F2A94DACF00C872A2 /* CodeTextView.swift in Sources */,
				50F3B12A2A910F1500C872A2 /* ContentModel.swift in Sources */,
				50F3B13D2A915C6900C872A2 /* Constants.swift in Sources */,
				50F3B1302A9116FA00C872A2 /* Models.swift in Sources */,
			);
			runOnlyForDeploymentPostprocessing = 0;
		};
/* End PBXSourcesBuildPhase section */

/* Begin XCBuildConfiguration section */
		50F3B1202A910E0B00C872A2 /* Debug */ = {
			isa = XCBuildConfiguration;
			buildSettings = {
				ALWAYS_SEARCH_USER_PATHS = NO;
				CLANG_ANALYZER_NONNULL = YES;
				CLANG_ANALYZER_NUMBER_OBJECT_CONVERSION = YES_AGGRESSIVE;
				CLANG_CXX_LANGUAGE_STANDARD = "gnu++20";
				CLANG_ENABLE_MODULES = YES;
				CLANG_ENABLE_OBJC_ARC = YES;
				CLANG_ENABLE_OBJC_WEAK = YES;
				CLANG_WARN_BLOCK_CAPTURE_AUTORELEASING = YES;
				CLANG_WARN_BOOL_CONVERSION = YES;
				CLANG_WARN_COMMA = YES;
				CLANG_WARN_CONSTANT_CONVERSION = YES;
				CLANG_WARN_DEPRECATED_OBJC_IMPLEMENTATIONS = YES;
				CLANG_WARN_DIRECT_OBJC_ISA_USAGE = YES_ERROR;
				CLANG_WARN_DOCUMENTATION_COMMENTS = YES;
				CLANG_WARN_EMPTY_BODY = YES;
				CLANG_WARN_ENUM_CONVERSION = YES;
				CLANG_WARN_INFINITE_RECURSION = YES;
				CLANG_WARN_INT_CONVERSION = YES;
				CLANG_WARN_NON_LITERAL_NULL_CONVERSION = YES;
				CLANG_WARN_OBJC_IMPLICIT_RETAIN_SELF = YES;
				CLANG_WARN_OBJC_LITERAL_CONVERSION = YES;
				CLANG_WARN_OBJC_ROOT_CLASS = YES_ERROR;
				CLANG_WARN_QUOTED_INCLUDE_IN_FRAMEWORK_HEADER = YES;
				CLANG_WARN_RANGE_LOOP_ANALYSIS = YES;
				CLANG_WARN_STRICT_PROTOTYPES = YES;
				CLANG_WARN_SUSPICIOUS_MOVE = YES;
				CLANG_WARN_UNGUARDED_AVAILABILITY = YES_AGGRESSIVE;
				CLANG_WARN_UNREACHABLE_CODE = YES;
				CLANG_WARN__DUPLICATE_METHOD_MATCH = YES;
				COPY_PHASE_STRIP = NO;
				DEBUG_INFORMATION_FORMAT = dwarf;
				ENABLE_STRICT_OBJC_MSGSEND = YES;
				ENABLE_TESTABILITY = YES;
				GCC_C_LANGUAGE_STANDARD = gnu11;
				GCC_DYNAMIC_NO_PIC = NO;
				GCC_NO_COMMON_BLOCKS = YES;
				GCC_OPTIMIZATION_LEVEL = 0;
				GCC_PREPROCESSOR_DEFINITIONS = (
					"DEBUG=1",
					"$(inherited)",
				);
				GCC_WARN_64_TO_32_BIT_CONVERSION = YES;
				GCC_WARN_ABOUT_RETURN_TYPE = YES_ERROR;
				GCC_WARN_UNDECLARED_SELECTOR = YES;
				GCC_WARN_UNINITIALIZED_AUTOS = YES_AGGRESSIVE;
				GCC_WARN_UNUSED_FUNCTION = YES;
				GCC_WARN_UNUSED_VARIABLE = YES;
				IPHONEOS_DEPLOYMENT_TARGET = 16.4;
				MTL_ENABLE_DEBUG_INFO = INCLUDE_SOURCE;
				MTL_FAST_MATH = YES;
				ONLY_ACTIVE_ARCH = YES;
				SDKROOT = iphoneos;
				SWIFT_ACTIVE_COMPILATION_CONDITIONS = DEBUG;
				SWIFT_OPTIMIZATION_LEVEL = "-Onone";
			};
			name = Debug;
		};
		50F3B1212A910E0B00C872A2 /* Release */ = {
			isa = XCBuildConfiguration;
			buildSettings = {
				ALWAYS_SEARCH_USER_PATHS = NO;
				CLANG_ANALYZER_NONNULL = YES;
				CLANG_ANALYZER_NUMBER_OBJECT_CONVERSION = YES_AGGRESSIVE;
				CLANG_CXX_LANGUAGE_STANDARD = "gnu++20";
				CLANG_ENABLE_MODULES = YES;
				CLANG_ENABLE_OBJC_ARC = YES;
				CLANG_ENABLE_OBJC_WEAK = YES;
				CLANG_WARN_BLOCK_CAPTURE_AUTORELEASING = YES;
				CLANG_WARN_BOOL_CONVERSION = YES;
				CLANG_WARN_COMMA = YES;
				CLANG_WARN_CONSTANT_CONVERSION = YES;
				CLANG_WARN_DEPRECATED_OBJC_IMPLEMENTATIONS = YES;
				CLANG_WARN_DIRECT_OBJC_ISA_USAGE = YES_ERROR;
				CLANG_WARN_DOCUMENTATION_COMMENTS = YES;
				CLANG_WARN_EMPTY_BODY = YES;
				CLANG_WARN_ENUM_CONVERSION = YES;
				CLANG_WARN_INFINITE_RECURSION = YES;
				CLANG_WARN_INT_CONVERSION = YES;
				CLANG_WARN_NON_LITERAL_NULL_CONVERSION = YES;
				CLANG_WARN_OBJC_IMPLICIT_RETAIN_SELF = YES;
				CLANG_WARN_OBJC_LITERAL_CONVERSION = YES;
				CLANG_WARN_OBJC_ROOT_CLASS = YES_ERROR;
				CLANG_WARN_QUOTED_INCLUDE_IN_FRAMEWORK_HEADER = YES;
				CLANG_WARN_RANGE_LOOP_ANALYSIS = YES;
				CLANG_WARN_STRICT_PROTOTYPES = YES;
				CLANG_WARN_SUSPICIOUS_MOVE = YES;
				CLANG_WARN_UNGUARDED_AVAILABILITY = YES_AGGRESSIVE;
				CLANG_WARN_UNREACHABLE_CODE = YES;
				CLANG_WARN__DUPLICATE_METHOD_MATCH = YES;
				COPY_PHASE_STRIP = NO;
				DEBUG_INFORMATION_FORMAT = "dwarf-with-dsym";
				ENABLE_NS_ASSERTIONS = NO;
				ENABLE_STRICT_OBJC_MSGSEND = YES;
				GCC_C_LANGUAGE_STANDARD = gnu11;
				GCC_NO_COMMON_BLOCKS = YES;
				GCC_WARN_64_TO_32_BIT_CONVERSION = YES;
				GCC_WARN_ABOUT_RETURN_TYPE = YES_ERROR;
				GCC_WARN_UNDECLARED_SELECTOR = YES;
				GCC_WARN_UNINITIALIZED_AUTOS = YES_AGGRESSIVE;
				GCC_WARN_UNUSED_FUNCTION = YES;
				GCC_WARN_UNUSED_VARIABLE = YES;
				IPHONEOS_DEPLOYMENT_TARGET = 16.4;
				MTL_ENABLE_DEBUG_INFO = NO;
				MTL_FAST_MATH = YES;
				SDKROOT = iphoneos;
				SWIFT_COMPILATION_MODE = wholemodule;
				SWIFT_OPTIMIZATION_LEVEL = "-O";
				VALIDATE_PRODUCT = YES;
			};
			name = Release;
		};
		50F3B1232A910E0B00C872A2 /* Debug */ = {
			isa = XCBuildConfiguration;
			buildSettings = {
				ASSETCATALOG_COMPILER_APPICON_NAME = AppIcon;
				ASSETCATALOG_COMPILER_GLOBAL_ACCENT_COLOR_NAME = AccentColor;
				CODE_SIGN_STYLE = Automatic;
				CURRENT_PROJECT_VERSION = 1;
				DEVELOPMENT_ASSET_PATHS = "\"LearningApp/Preview Content\"";
				ENABLE_PREVIEWS = YES;
				GENERATE_INFOPLIST_FILE = YES;
				INFOPLIST_KEY_UIApplicationSceneManifest_Generation = YES;
				INFOPLIST_KEY_UIApplicationSupportsIndirectInputEvents = YES;
				INFOPLIST_KEY_UILaunchScreen_Generation = YES;
				INFOPLIST_KEY_UISupportedInterfaceOrientations_iPad = "UIInterfaceOrientationPortrait UIInterfaceOrientationPortraitUpsideDown UIInterfaceOrientationLandscapeLeft UIInterfaceOrientationLandscapeRight";
				INFOPLIST_KEY_UISupportedInterfaceOrientations_iPhone = "UIInterfaceOrientationPortrait UIInterfaceOrientationLandscapeLeft UIInterfaceOrientationLandscapeRight";
				LD_RUNPATH_SEARCH_PATHS = (
					"$(inherited)",
					"@executable_path/Frameworks",
				);
				MARKETING_VERSION = 1.0;
				PRODUCT_BUNDLE_IDENTIFIER = RAKHYUN.LearningApp;
				PRODUCT_NAME = "$(TARGET_NAME)";
				SWIFT_EMIT_LOC_STRINGS = YES;
				SWIFT_VERSION = 5.0;
				TARGETED_DEVICE_FAMILY = "1,2";
			};
			name = Debug;
		};
		50F3B1242A910E0B00C872A2 /* Release */ = {
			isa = XCBuildConfiguration;
			buildSettings = {
				ASSETCATALOG_COMPILER_APPICON_NAME = AppIcon;
				ASSETCATALOG_COMPILER_GLOBAL_ACCENT_COLOR_NAME = AccentColor;
				CODE_SIGN_STYLE = Automatic;
				CURRENT_PROJECT_VERSION = 1;
				DEVELOPMENT_ASSET_PATHS = "\"LearningApp/Preview Content\"";
				ENABLE_PREVIEWS = YES;
				GENERATE_INFOPLIST_FILE = YES;
				INFOPLIST_KEY_UIApplicationSceneManifest_Generation = YES;
				INFOPLIST_KEY_UIApplicationSupportsIndirectInputEvents = YES;
				INFOPLIST_KEY_UILaunchScreen_Generation = YES;
				INFOPLIST_KEY_UISupportedInterfaceOrientations_iPad = "UIInterfaceOrientationPortrait UIInterfaceOrientationPortraitUpsideDown UIInterfaceOrientationLandscapeLeft UIInterfaceOrientationLandscapeRight";
				INFOPLIST_KEY_UISupportedInterfaceOrientations_iPhone = "UIInterfaceOrientationPortrait UIInterfaceOrientationLandscapeLeft UIInterfaceOrientationLandscapeRight";
				LD_RUNPATH_SEARCH_PATHS = (
					"$(inherited)",
					"@executable_path/Frameworks",
				);
				MARKETING_VERSION = 1.0;
				PRODUCT_BUNDLE_IDENTIFIER = RAKHYUN.LearningApp;
				PRODUCT_NAME = "$(TARGET_NAME)";
				SWIFT_EMIT_LOC_STRINGS = YES;
				SWIFT_VERSION = 5.0;
				TARGETED_DEVICE_FAMILY = "1,2";
			};
			name = Release;
		};
/* End XCBuildConfiguration section */

/* Begin XCConfigurationList section */
		50F3B10F2A910E0A00C872A2 /* Build configuration list for PBXProject "LearningApp" */ = {
			isa = XCConfigurationList;
			buildConfigurations = (
				50F3B1202A910E0B00C872A2 /* Debug */,
				50F3B1212A910E0B00C872A2 /* Release */,
			);
			defaultConfigurationIsVisible = 0;
			defaultConfigurationName = Release;
		};
		50F3B1222A910E0B00C872A2 /* Build configuration list for PBXNativeTarget "LearningApp" */ = {
			isa = XCConfigurationList;
			buildConfigurations = (
				50F3B1232A910E0B00C872A2 /* Debug */,
				50F3B1242A910E0B00C872A2 /* Release */,
			);
			defaultConfigurationIsVisible = 0;
			defaultConfigurationName = Release;
		};
/* End XCConfigurationList section */
	};
	rootObject = 50F3B10C2A910E0A00C872A2 /* Project object */;
}
